
Microsoft Visual Studio Solution File, Format Version 12.00
# Visual Studio Version 16
VisualStudioVersion = 16.0.30621.155
MinimumVisualStudioVersion = 10.0.40219.1
Project("{FAE04EC0-301F-11D3-BF4B-00C04F79EFBC}") = "HelloWorld", "HelloWorld\HelloWorld.csproj", "{45F1B126-8D9F-45AE-86CE-F39F95624A40}"
EndProject
Project("{FAE04EC0-301F-11D3-BF4B-00C04F79EFBC}") = "TiposEVariáveis", "TiposEVariáveis\TiposEVariáveis.csproj", "{2972D646-FC05-41DC-852D-8AFDDDAEFD47}"
EndProject
Global
	GlobalSection(SolutionConfigurationPlatforms) = preSolution
		Debug|Any CPU = Debug|Any CPU
		Release|Any CPU = Release|Any CPU
	EndGlobalSection
	GlobalSection(ProjectConfigurationPlatforms) = postSolution
		{45F1B126-8D9F-45AE-86CE-F39F95624A40}.Debug|Any CPU.ActiveCfg = Debug|Any CPU
		{45F1B126-8D9F-45AE-86CE-F39F95624A40}.Debug|Any CPU.Build.0 = Debug|Any CPU
		{45F1B126-8D9F-45AE-86CE-F39F95624A40}.Release|Any CPU.ActiveCfg = Release|Any CPU
		{45F1B126-8D9F-45AE-86CE-F39F95624A40}.Release|Any CPU.Build.0 = Release|Any CPU
		{2972D646-FC05-41DC-852D-8AFDDDAEFD47}.Debug|Any CPU.ActiveCfg = Debug|Any CPU
		{2972D646-FC05-41DC-852D-8AFDDDAEFD47}.Debug|Any CPU.Build.0 = Debug|Any CPU
		{2972D646-FC05-41DC-852D-8AFDDDAEFD47}.Release|Any CPU.ActiveCfg = Release|Any CPU
		{2972D646-FC05-41DC-852D-8AFDDDAEFD47}.Release|Any CPU.Build.0 = Release|Any CPU
	EndGlobalSection
	GlobalSection(SolutionProperties) = preSolution
		HideSolutionNode = FALSE
	EndGlobalSection
	GlobalSection(ExtensibilityGlobals) = postSolution
		SolutionGuid = {2BC8C811-DB7B-49D5-839A-F29887794F17}
	EndGlobalSection
EndGlobal
